{
  "name": "clapton",
  "version": "0.1.0",
  "lockfileVersion": 1,
  "requires": true,
  "dependencies": {
    "clappr": {
      "version": "0.2.71",
      "resolved": "https://registry.npmjs.org/clappr/-/clappr-0.2.71.tgz",
      "integrity": "sha512-BGTKQ3FhCCcqWJyj4/mW/ZYcLd1AO65FcnkzINN6w6M1DnhzvzNPqHARhnRtiD0yI3fEwM5y/cTB+1/EI+swdQ==",
      "dev": true
    },
    "keymaster": {
      "version": "1.6.2",
      "resolved": "https://registry.npmjs.org/keymaster/-/keymaster-1.6.2.tgz",
      "integrity": "sha1-4a5U0OqUiPn2C2a2aPAumhlGxus=",
      "dev": true
    }
  }
}
